
Microsoft Visual Studio Solution File, Format Version 12.00
# Visual Studio Version 17
VisualStudioVersion = 17.12.35506.116
MinimumVisualStudioVersion = 10.0.40219.1
Project("{FAE04EC0-301F-11D3-BF4B-00C04F79EFBC}") = "ClubMembershipApplication", "ClubMembershipApplication\ClubMembershipApplication.csproj", "{3C181594-A732-48D8-A802-94ABD1E6945C}"
EndProject
Project("{FAE04EC0-301F-11D3-BF4B-00C04F79EFBC}") = "FieldValidationAPI", "FieldValidationAPI\FieldValidationAPI.csproj", "{63E2FBDB-586C-412B-AD9E-86B0314D2A4C}"
EndProject
Global
	GlobalSection(SolutionConfigurationPlatforms) = preSolution
		Debug|Any CPU = Debug|Any CPU
		Release|Any CPU = Release|Any CPU
	EndGlobalSection
	GlobalSection(ProjectConfigurationPlatforms) = postSolution
		{3C181594-A732-48D8-A802-94ABD1E6945C}.Debug|Any CPU.ActiveCfg = Debug|Any CPU
		{3C181594-A732-48D8-A802-94ABD1E6945C}.Debug|Any CPU.Build.0 = Debug|Any CPU
		{3C181594-A732-48D8-A802-94ABD1E6945C}.Release|Any CPU.ActiveCfg = Release|Any CPU
		{3C181594-A732-48D8-A802-94ABD1E6945C}.Release|Any CPU.Build.0 = Release|Any CPU
		{63E2FBDB-586C-412B-AD9E-86B0314D2A4C}.Debug|Any CPU.ActiveCfg = Debug|Any CPU
		{63E2FBDB-586C-412B-AD9E-86B0314D2A4C}.Debug|Any CPU.Build.0 = Debug|Any CPU
		{63E2FBDB-586C-412B-AD9E-86B0314D2A4C}.Release|Any CPU.ActiveCfg = Release|Any CPU
		{63E2FBDB-586C-412B-AD9E-86B0314D2A4C}.Release|Any CPU.Build.0 = Release|Any CPU
	EndGlobalSection
	GlobalSection(SolutionProperties) = preSolution
		HideSolutionNode = FALSE
	EndGlobalSection
EndGlobal
